// !$*UTF8*$!
{
	archiveVersion = 1;
	classes = {
	};
	objectVersion = 56;
	objects = {

/* Begin PBXBuildFile section */
		12700EBC2C5B08BC00A57B72 /* AppDelegate.swift in Sources */ = {isa = PBXBuildFile; fileRef = 12700EBA2C5B08BC00A57B72 /* AppDelegate.swift */; };
		12700EBD2C5B08BC00A57B72 /* SceneDelegate.swift in Sources */ = {isa = PBXBuildFile; fileRef = 12700EBB2C5B08BC00A57B72 /* SceneDelegate.swift */; };
		3539EC912C5B056E00C71242 /* Main.storyboard in Resources */ = {isa = PBXBuildFile; fileRef = 3539EC8F2C5B056E00C71242 /* Main.storyboard */; };
		3539EC962C5B057100C71242 /* Assets.xcassets in Resources */ = {isa = PBXBuildFile; fileRef = 3539EC952C5B057100C71242 /* Assets.xcassets */; };
		3539EC992C5B057100C71242 /* LaunchScreen.storyboard in Resources */ = {isa = PBXBuildFile; fileRef = 3539EC972C5B057100C71242 /* LaunchScreen.storyboard */; };
		3539ECBF2C5B085F00C71242 /* NewsPaperTask.xcdatamodeld in Sources */ = {isa = PBXBuildFile; fileRef = 3539ECBD2C5B085F00C71242 /* NewsPaperTask.xcdatamodeld */; };
		35AEB71F2C5B0B3000ED2233 /* RootViewController.swift in Sources */ = {isa = PBXBuildFile; fileRef = 35AEB71E2C5B0B3000ED2233 /* RootViewController.swift */; };
		35F85D182C5B0B6C005F22D6 /* OffersView.swift in Sources */ = {isa = PBXBuildFile; fileRef = 35F85D172C5B0B6C005F22D6 /* OffersView.swift */; };
		35F85D1A2C5B0B71005F22D6 /* SubscriptionViewController.swift in Sources */ = {isa = PBXBuildFile; fileRef = 35F85D192C5B0B71005F22D6 /* SubscriptionViewController.swift */; };
		35F85D1D2C5B0BAD005F22D6 /* SubscriptionViewModel.swift in Sources */ = {isa = PBXBuildFile; fileRef = 35F85D1C2C5B0BAD005F22D6 /* SubscriptionViewModel.swift */; };
		35F85D202C5B0BCB005F22D6 /* SubscriptionService.swift in Sources */ = {isa = PBXBuildFile; fileRef = 35F85D1F2C5B0BCB005F22D6 /* SubscriptionService.swift */; };
		35F85D232C5B0BDD005F22D6 /* Subscription.swift in Sources */ = {isa = PBXBuildFile; fileRef = 35F85D222C5B0BDD005F22D6 /* Subscription.swift */; };
		35F85D292C5B0BFE005F22D6 /* Double.swift in Sources */ = {isa = PBXBuildFile; fileRef = 35F85D252C5B0BFE005F22D6 /* Double.swift */; };
		35F85D2A2C5B0BFE005F22D6 /* DownloadImage.swift in Sources */ = {isa = PBXBuildFile; fileRef = 35F85D262C5B0BFE005F22D6 /* DownloadImage.swift */; };
		35F85D2B2C5B0BFE005F22D6 /* UILabel.swift in Sources */ = {isa = PBXBuildFile; fileRef = 35F85D272C5B0BFE005F22D6 /* UILabel.swift */; };
		35F85D2C2C5B0BFE005F22D6 /* UIView.swift in Sources */ = {isa = PBXBuildFile; fileRef = 35F85D282C5B0BFE005F22D6 /* UIView.swift */; };
		35F85D2F2C5B0C12005F22D6 /* CoreDataManager.swift in Sources */ = {isa = PBXBuildFile; fileRef = 35F85D2E2C5B0C12005F22D6 /* CoreDataManager.swift */; };
/* End PBXBuildFile section */

/* Begin PBXFileReference section */
		12700EBA2C5B08BC00A57B72 /* AppDelegate.swift */ = {isa = PBXFileReference; lastKnownFileType = sourcecode.swift; path = AppDelegate.swift; sourceTree = "<group>"; };
		12700EBB2C5B08BC00A57B72 /* SceneDelegate.swift */ = {isa = PBXFileReference; lastKnownFileType = sourcecode.swift; path = SceneDelegate.swift; sourceTree = "<group>"; };
		3539EC862C5B056E00C71242 /* NewsPaperTask.app */ = {isa = PBXFileReference; explicitFileType = wrapper.application; includeInIndex = 0; path = NewsPaperTask.app; sourceTree = BUILT_PRODUCTS_DIR; };
		3539EC902C5B056E00C71242 /* Base */ = {isa = PBXFileReference; lastKnownFileType = file.storyboard; name = Base; path = Base.lproj/Main.storyboard; sourceTree = "<group>"; };
		3539EC952C5B057100C71242 /* Assets.xcassets */ = {isa = PBXFileReference; lastKnownFileType = folder.assetcatalog; path = Assets.xcassets; sourceTree = "<group>"; };
		3539EC982C5B057100C71242 /* Base */ = {isa = PBXFileReference; lastKnownFileType = file.storyboard; name = Base; path = Base.lproj/LaunchScreen.storyboard; sourceTree = "<group>"; };
		3539EC9A2C5B057100C71242 /* Info.plist */ = {isa = PBXFileReference; lastKnownFileType = text.plist.xml; path = Info.plist; sourceTree = "<group>"; };
		3539ECBE2C5B085F00C71242 /* NewsPaperTask.xcdatamodel */ = {isa = PBXFileReference; lastKnownFileType = wrapper.xcdatamodel; path = NewsPaperTask.xcdatamodel; sourceTree = "<group>"; };
		35AEB71E2C5B0B3000ED2233 /* RootViewController.swift */ = {isa = PBXFileReference; fileEncoding = 4; lastKnownFileType = sourcecode.swift; path = RootViewController.swift; sourceTree = "<group>"; };
		35F85D172C5B0B6C005F22D6 /* OffersView.swift */ = {isa = PBXFileReference; fileEncoding = 4; lastKnownFileType = sourcecode.swift; path = OffersView.swift; sourceTree = "<group>"; };
		35F85D192C5B0B71005F22D6 /* SubscriptionViewController.swift */ = {isa = PBXFileReference; fileEncoding = 4; lastKnownFileType = sourcecode.swift; path = SubscriptionViewController.swift; sourceTree = "<group>"; };
		35F85D1C2C5B0BAD005F22D6 /* SubscriptionViewModel.swift */ = {isa = PBXFileReference; fileEncoding = 4; lastKnownFileType = sourcecode.swift; path = SubscriptionViewModel.swift; sourceTree = "<group>"; };
		35F85D1F2C5B0BCB005F22D6 /* SubscriptionService.swift */ = {isa = PBXFileReference; fileEncoding = 4; lastKnownFileType = sourcecode.swift; path = SubscriptionService.swift; sourceTree = "<group>"; };
		35F85D222C5B0BDD005F22D6 /* Subscription.swift */ = {isa = PBXFileReference; fileEncoding = 4; lastKnownFileType = sourcecode.swift; path = Subscription.swift; sourceTree = "<group>"; };
		35F85D252C5B0BFE005F22D6 /* Double.swift */ = {isa = PBXFileReference; fileEncoding = 4; lastKnownFileType = sourcecode.swift; path = Double.swift; sourceTree = "<group>"; };
		35F85D262C5B0BFE005F22D6 /* DownloadImage.swift */ = {isa = PBXFileReference; fileEncoding = 4; lastKnownFileType = sourcecode.swift; path = DownloadImage.swift; sourceTree = "<group>"; };
		35F85D272C5B0BFE005F22D6 /* UILabel.swift */ = {isa = PBXFileReference; fileEncoding = 4; lastKnownFileType = sourcecode.swift; path = UILabel.swift; sourceTree = "<group>"; };
		35F85D282C5B0BFE005F22D6 /* UIView.swift */ = {isa = PBXFileReference; fileEncoding = 4; lastKnownFileType = sourcecode.swift; path = UIView.swift; sourceTree = "<group>"; };
		35F85D2E2C5B0C12005F22D6 /* CoreDataManager.swift */ = {isa = PBXFileReference; fileEncoding = 4; lastKnownFileType = sourcecode.swift; path = CoreDataManager.swift; sourceTree = "<group>"; };
/* End PBXFileReference section */

/* Begin PBXFrameworksBuildPhase section */
		3539EC832C5B056E00C71242 /* Frameworks */ = {
			isa = PBXFrameworksBuildPhase;
			buildActionMask = 2147483647;
			files = (
			);
			runOnlyForDeploymentPostprocessing = 0;
		};
/* End PBXFrameworksBuildPhase section */

/* Begin PBXGroup section */
		3539EC7D2C5B056E00C71242 = {
			isa = PBXGroup;
			children = (
				3539EC882C5B056E00C71242 /* NewsPaperTask */,
				3539EC872C5B056E00C71242 /* Products */,
			);
			sourceTree = "<group>";
		};
		3539EC872C5B056E00C71242 /* Products */ = {
			isa = PBXGroup;
			children = (
				3539EC862C5B056E00C71242 /* NewsPaperTask.app */,
			);
			name = Products;
			sourceTree = "<group>";
		};
		3539EC882C5B056E00C71242 /* NewsPaperTask */ = {
			isa = PBXGroup;
			children = (
				35F85D2D2C5B0C09005F22D6 /* CoreData */,
				35F85D242C5B0BEE005F22D6 /* Helpers */,
				35F85D212C5B0BD6005F22D6 /* Model */,
				35F85D1E2C5B0BC3005F22D6 /* Service */,
				35F85D1B2C5B0BA3005F22D6 /* ViewModel */,
				35F85D162C5B0B50005F22D6 /* View */,
				3539EC8F2C5B056E00C71242 /* Main.storyboard */,
				3539EC952C5B057100C71242 /* Assets.xcassets */,
				3539EC972C5B057100C71242 /* LaunchScreen.storyboard */,
				3539EC9A2C5B057100C71242 /* Info.plist */,
				3539ECBD2C5B085F00C71242 /* NewsPaperTask.xcdatamodeld */,
				12700EBA2C5B08BC00A57B72 /* AppDelegate.swift */,
				12700EBB2C5B08BC00A57B72 /* SceneDelegate.swift */,
			);
			path = NewsPaperTask;
			sourceTree = "<group>";
		};
		35F85D162C5B0B50005F22D6 /* View */ = {
			isa = PBXGroup;
			children = (
				35F85D172C5B0B6C005F22D6 /* OffersView.swift */,
				35F85D192C5B0B71005F22D6 /* SubscriptionViewController.swift */,
				35AEB71E2C5B0B3000ED2233 /* RootViewController.swift */,
			);
			path = View;
			sourceTree = "<group>";
		};
		35F85D1B2C5B0BA3005F22D6 /* ViewModel */ = {
			isa = PBXGroup;
			children = (
				35F85D1C2C5B0BAD005F22D6 /* SubscriptionViewModel.swift */,
			);
			path = ViewModel;
			sourceTree = "<group>";
		};
		35F85D1E2C5B0BC3005F22D6 /* Service */ = {
			isa = PBXGroup;
			children = (
				35F85D1F2C5B0BCB005F22D6 /* SubscriptionService.swift */,
			);
			path = Service;
			sourceTree = "<group>";
		};
		35F85D212C5B0BD6005F22D6 /* Model */ = {
			isa = PBXGroup;
			children = (
				35F85D222C5B0BDD005F22D6 /* Subscription.swift */,
			);
			path = Model;
			sourceTree = "<group>";
		};
		35F85D242C5B0BEE005F22D6 /* Helpers */ = {
			isa = PBXGroup;
			children = (
				35F85D252C5B0BFE005F22D6 /* Double.swift */,
				35F85D262C5B0BFE005F22D6 /* DownloadImage.swift */,
				35F85D272C5B0BFE005F22D6 /* UILabel.swift */,
				35F85D282C5B0BFE005F22D6 /* UIView.swift */,
			);
			path = Helpers;
			sourceTree = "<group>";
		};
		35F85D2D2C5B0C09005F22D6 /* CoreData */ = {
			isa = PBXGroup;
			children = (
				35F85D2E2C5B0C12005F22D6 /* CoreDataManager.swift */,
			);
			path = CoreData;
			sourceTree = "<group>";
		};
/* End PBXGroup section */

/* Begin PBXNativeTarget section */
		3539EC852C5B056E00C71242 /* NewsPaperTask */ = {
			isa = PBXNativeTarget;
			buildConfigurationList = 3539EC9D2C5B057100C71242 /* Build configuration list for PBXNativeTarget "NewsPaperTask" */;
			buildPhases = (
				3539EC822C5B056E00C71242 /* Sources */,
				3539EC832C5B056E00C71242 /* Frameworks */,
				3539EC842C5B056E00C71242 /* Resources */,
			);
			buildRules = (
			);
			dependencies = (
			);
			name = NewsPaperTask;
			productName = NewsPaperTask;
			productReference = 3539EC862C5B056E00C71242 /* NewsPaperTask.app */;
			productType = "com.apple.product-type.application";
		};
/* End PBXNativeTarget section */

/* Begin PBXProject section */
		3539EC7E2C5B056E00C71242 /* Project object */ = {
			isa = PBXProject;
			attributes = {
				BuildIndependentTargetsInParallel = 1;
				LastSwiftUpdateCheck = 1520;
				LastUpgradeCheck = 1520;
				TargetAttributes = {
					3539EC852C5B056E00C71242 = {
						CreatedOnToolsVersion = 15.2;
						LastSwiftMigration = 1600;
					};
				};
			};
			buildConfigurationList = 3539EC812C5B056E00C71242 /* Build configuration list for PBXProject "NewsPaperTask" */;
			compatibilityVersion = "Xcode 14.0";
			developmentRegion = en;
			hasScannedForEncodings = 0;
			knownRegions = (
				en,
				Base,
			);
			mainGroup = 3539EC7D2C5B056E00C71242;
			productRefGroup = 3539EC872C5B056E00C71242 /* Products */;
			projectDirPath = "";
			projectRoot = "";
			targets = (
				3539EC852C5B056E00C71242 /* NewsPaperTask */,
			);
		};
/* End PBXProject section */

/* Begin PBXResourcesBuildPhase section */
		3539EC842C5B056E00C71242 /* Resources */ = {
			isa = PBXResourcesBuildPhase;
			buildActionMask = 2147483647;
			files = (
				3539EC992C5B057100C71242 /* LaunchScreen.storyboard in Resources */,
				3539EC962C5B057100C71242 /* Assets.xcassets in Resources */,
				3539EC912C5B056E00C71242 /* Main.storyboard in Resources */,
			);
			runOnlyForDeploymentPostprocessing = 0;
		};
/* End PBXResourcesBuildPhase section */

/* Begin PBXSourcesBuildPhase section */
		3539EC822C5B056E00C71242 /* Sources */ = {
			isa = PBXSourcesBuildPhase;
			buildActionMask = 2147483647;
			files = (
				35F85D2C2C5B0BFE005F22D6 /* UIView.swift in Sources */,
				35F85D1D2C5B0BAD005F22D6 /* SubscriptionViewModel.swift in Sources */,
				35F85D1A2C5B0B71005F22D6 /* SubscriptionViewController.swift in Sources */,
				35F85D202C5B0BCB005F22D6 /* SubscriptionService.swift in Sources */,
				35F85D182C5B0B6C005F22D6 /* OffersView.swift in Sources */,
				3539ECBF2C5B085F00C71242 /* NewsPaperTask.xcdatamodeld in Sources */,
				12700EBC2C5B08BC00A57B72 /* AppDelegate.swift in Sources */,
				35F85D2A2C5B0BFE005F22D6 /* DownloadImage.swift in Sources */,
				35F85D232C5B0BDD005F22D6 /* Subscription.swift in Sources */,
				35AEB71F2C5B0B3000ED2233 /* RootViewController.swift in Sources */,
				35F85D292C5B0BFE005F22D6 /* Double.swift in Sources */,
				35F85D2B2C5B0BFE005F22D6 /* UILabel.swift in Sources */,
				35F85D2F2C5B0C12005F22D6 /* CoreDataManager.swift in Sources */,
				12700EBD2C5B08BC00A57B72 /* SceneDelegate.swift in Sources */,
			);
			runOnlyForDeploymentPostprocessing = 0;
		};
/* End PBXSourcesBuildPhase section */

/* Begin PBXVariantGroup section */
		3539EC8F2C5B056E00C71242 /* Main.storyboard */ = {
			isa = PBXVariantGroup;
			children = (
				3539EC902C5B056E00C71242 /* Base */,
			);
			name = Main.storyboard;
			sourceTree = "<group>";
		};
		3539EC972C5B057100C71242 /* LaunchScreen.storyboard */ = {
			isa = PBXVariantGroup;
			children = (
				3539EC982C5B057100C71242 /* Base */,
			);
			name = LaunchScreen.storyboard;
			sourceTree = "<group>";
		};
/* End PBXVariantGroup section */

/* Begin XCBuildConfiguration section */
		3539EC9B2C5B057100C71242 /* Debug */ = {
			isa = XCBuildConfiguration;
			buildSettings = {
				ALWAYS_SEARCH_USER_PATHS = NO;
				ASSETCATALOG_COMPILER_GENERATE_SWIFT_ASSET_SYMBOL_EXTENSIONS = YES;
				CLANG_ANALYZER_NONNULL = YES;
				CLANG_ANALYZER_NUMBER_OBJECT_CONVERSION = YES_AGGRESSIVE;
				CLANG_CXX_LANGUAGE_STANDARD = "gnu++20";
				CLANG_ENABLE_MODULES = YES;
				CLANG_ENABLE_OBJC_ARC = YES;
				CLANG_ENABLE_OBJC_WEAK = YES;
				CLANG_WARN_BLOCK_CAPTURE_AUTORELEASING = YES;
				CLANG_WARN_BOOL_CONVERSION = YES;
				CLANG_WARN_COMMA = YES;
				CLANG_WARN_CONSTANT_CONVERSION = YES;
				CLANG_WARN_DEPRECATED_OBJC_IMPLEMENTATIONS = YES;
				CLANG_WARN_DIRECT_OBJC_ISA_USAGE = YES_ERROR;
				CLANG_WARN_DOCUMENTATION_COMMENTS = YES;
				CLANG_WARN_EMPTY_BODY = YES;
				CLANG_WARN_ENUM_CONVERSION = YES;
				CLANG_WARN_INFINITE_RECURSION = YES;
				CLANG_WARN_INT_CONVERSION = YES;
				CLANG_WARN_NON_LITERAL_NULL_CONVERSION = YES;
				CLANG_WARN_OBJC_IMPLICIT_RETAIN_SELF = YES;
				CLANG_WARN_OBJC_LITERAL_CONVERSION = YES;
				CLANG_WARN_OBJC_ROOT_CLASS = YES_ERROR;
				CLANG_WARN_QUOTED_INCLUDE_IN_FRAMEWORK_HEADER = YES;
				CLANG_WARN_RANGE_LOOP_ANALYSIS = YES;
				CLANG_WARN_STRICT_PROTOTYPES = YES;
				CLANG_WARN_SUSPICIOUS_MOVE = YES;
				CLANG_WARN_UNGUARDED_AVAILABILITY = YES_AGGRESSIVE;
				CLANG_WARN_UNREACHABLE_CODE = YES;
				CLANG_WARN__DUPLICATE_METHOD_MATCH = YES;
				COPY_PHASE_STRIP = NO;
				DEBUG_INFORMATION_FORMAT = dwarf;
				ENABLE_STRICT_OBJC_MSGSEND = YES;
				ENABLE_TESTABILITY = YES;
				ENABLE_USER_SCRIPT_SANDBOXING = YES;
				GCC_C_LANGUAGE_STANDARD = gnu17;
				GCC_DYNAMIC_NO_PIC = NO;
				GCC_NO_COMMON_BLOCKS = YES;
				GCC_OPTIMIZATION_LEVEL = 0;
				GCC_PREPROCESSOR_DEFINITIONS = (
					"DEBUG=1",
					"$(inherited)",
				);
				GCC_WARN_64_TO_32_BIT_CONVERSION = YES;
				GCC_WARN_ABOUT_RETURN_TYPE = YES_ERROR;
				GCC_WARN_UNDECLARED_SELECTOR = YES;
				GCC_WARN_UNINITIALIZED_AUTOS = YES_AGGRESSIVE;
				GCC_WARN_UNUSED_FUNCTION = YES;
				GCC_WARN_UNUSED_VARIABLE = YES;
				IPHONEOS_DEPLOYMENT_TARGET = 17.2;
				LOCALIZATION_PREFERS_STRING_CATALOGS = YES;
				MTL_ENABLE_DEBUG_INFO = INCLUDE_SOURCE;
				MTL_FAST_MATH = YES;
				ONLY_ACTIVE_ARCH = YES;
				SDKROOT = iphoneos;
				SWIFT_ACTIVE_COMPILATION_CONDITIONS = "DEBUG $(inherited)";
				SWIFT_OPTIMIZATION_LEVEL = "-Onone";
			};
			name = Debug;
		};
		3539EC9C2C5B057100C71242 /* Release */ = {
			isa = XCBuildConfiguration;
			buildSettings = {
				ALWAYS_SEARCH_USER_PATHS = NO;
				ASSETCATALOG_COMPILER_GENERATE_SWIFT_ASSET_SYMBOL_EXTENSIONS = YES;
				CLANG_ANALYZER_NONNULL = YES;
				CLANG_ANALYZER_NUMBER_OBJECT_CONVERSION = YES_AGGRESSIVE;
				CLANG_CXX_LANGUAGE_STANDARD = "gnu++20";
				CLANG_ENABLE_MODULES = YES;
				CLANG_ENABLE_OBJC_ARC = YES;
				CLANG_ENABLE_OBJC_WEAK = YES;
				CLANG_WARN_BLOCK_CAPTURE_AUTORELEASING = YES;
				CLANG_WARN_BOOL_CONVERSION = YES;
				CLANG_WARN_COMMA = YES;
				CLANG_WARN_CONSTANT_CONVERSION = YES;
				CLANG_WARN_DEPRECATED_OBJC_IMPLEMENTATIONS = YES;
				CLANG_WARN_DIRECT_OBJC_ISA_USAGE = YES_ERROR;
				CLANG_WARN_DOCUMENTATION_COMMENTS = YES;
				CLANG_WARN_EMPTY_BODY = YES;
				CLANG_WARN_ENUM_CONVERSION = YES;
				CLANG_WARN_INFINITE_RECURSION = YES;
				CLANG_WARN_INT_CONVERSION = YES;
				CLANG_WARN_NON_LITERAL_NULL_CONVERSION = YES;
				CLANG_WARN_OBJC_IMPLICIT_RETAIN_SELF = YES;
				CLANG_WARN_OBJC_LITERAL_CONVERSION = YES;
				CLANG_WARN_OBJC_ROOT_CLASS = YES_ERROR;
				CLANG_WARN_QUOTED_INCLUDE_IN_FRAMEWORK_HEADER = YES;
				CLANG_WARN_RANGE_LOOP_ANALYSIS = YES;
				CLANG_WARN_STRICT_PROTOTYPES = YES;
				CLANG_WARN_SUSPICIOUS_MOVE = YES;
				CLANG_WARN_UNGUARDED_AVAILABILITY = YES_AGGRESSIVE;
				CLANG_WARN_UNREACHABLE_CODE = YES;
				CLANG_WARN__DUPLICATE_METHOD_MATCH = YES;
				COPY_PHASE_STRIP = NO;
				DEBUG_INFORMATION_FORMAT = "dwarf-with-dsym";
				ENABLE_NS_ASSERTIONS = NO;
				ENABLE_STRICT_OBJC_MSGSEND = YES;
				ENABLE_USER_SCRIPT_SANDBOXING = YES;
				GCC_C_LANGUAGE_STANDARD = gnu17;
				GCC_NO_COMMON_BLOCKS = YES;
				GCC_WARN_64_TO_32_BIT_CONVERSION = YES;
				GCC_WARN_ABOUT_RETURN_TYPE = YES_ERROR;
				GCC_WARN_UNDECLARED_SELECTOR = YES;
				GCC_WARN_UNINITIALIZED_AUTOS = YES_AGGRESSIVE;
				GCC_WARN_UNUSED_FUNCTION = YES;
				GCC_WARN_UNUSED_VARIABLE = YES;
				IPHONEOS_DEPLOYMENT_TARGET = 17.2;
				LOCALIZATION_PREFERS_STRING_CATALOGS = YES;
				MTL_ENABLE_DEBUG_INFO = NO;
				MTL_FAST_MATH = YES;
				SDKROOT = iphoneos;
				SWIFT_COMPILATION_MODE = wholemodule;
				VALIDATE_PRODUCT = YES;
			};
			name = Release;
		};
		3539EC9E2C5B057100C71242 /* Debug */ = {
			isa = XCBuildConfiguration;
			buildSettings = {
				ASSETCATALOG_COMPILER_APPICON_NAME = AppIcon;
				ASSETCATALOG_COMPILER_GLOBAL_ACCENT_COLOR_NAME = AccentColor;
				CLANG_ENABLE_MODULES = YES;
				CODE_SIGN_STYLE = Automatic;
				CURRENT_PROJECT_VERSION = 1;
				DEVELOPMENT_TEAM = W37KBBDQBC;
				GENERATE_INFOPLIST_FILE = YES;
				INFOPLIST_FILE = NewsPaperTask/Info.plist;
				INFOPLIST_KEY_UIApplicationSupportsIndirectInputEvents = YES;
				INFOPLIST_KEY_UILaunchStoryboardName = LaunchScreen;
				INFOPLIST_KEY_UISupportedInterfaceOrientations_iPad = "UIInterfaceOrientationPortrait UIInterfaceOrientationPortraitUpsideDown UIInterfaceOrientationLandscapeLeft UIInterfaceOrientationLandscapeRight";
				INFOPLIST_KEY_UISupportedInterfaceOrientations_iPhone = "UIInterfaceOrientationPortrait UIInterfaceOrientationLandscapeLeft UIInterfaceOrientationLandscapeRight";
				IPHONEOS_DEPLOYMENT_TARGET = 13.0;
				LD_RUNPATH_SEARCH_PATHS = (
					"$(inherited)",
					"@executable_path/Frameworks",
				);
				MARKETING_VERSION = 1.0;
				PRODUCT_BUNDLE_IDENTIFIER = OliveiraTech.NewsPaperTask;
				PRODUCT_NAME = "$(TARGET_NAME)";
				SUPPORTED_PLATFORMS = "iphoneos iphonesimulator";
				SUPPORTS_MACCATALYST = NO;
				SUPPORTS_MAC_DESIGNED_FOR_IPHONE_IPAD = NO;
				SUPPORTS_XR_DESIGNED_FOR_IPHONE_IPAD = NO;
				SWIFT_EMIT_LOC_STRINGS = YES;
				SWIFT_OPTIMIZATION_LEVEL = "-Onone";
				SWIFT_VERSION = 5.0;
				TARGETED_DEVICE_FAMILY = "1,2";
			};
			name = Debug;
		};
		3539EC9F2C5B057100C71242 /* Release */ = {
			isa = XCBuildConfiguration;
			buildSettings = {
				ASSETCATALOG_COMPILER_APPICON_NAME = AppIcon;
				ASSETCATALOG_COMPILER_GLOBAL_ACCENT_COLOR_NAME = AccentColor;
				CLANG_ENABLE_MODULES = YES;
				CODE_SIGN_STYLE = Automatic;
				CURRENT_PROJECT_VERSION = 1;
				DEVELOPMENT_TEAM = W37KBBDQBC;
				GENERATE_INFOPLIST_FILE = YES;
				INFOPLIST_FILE = NewsPaperTask/Info.plist;
				INFOPLIST_KEY_UIApplicationSupportsIndirectInputEvents = YES;
				INFOPLIST_KEY_UILaunchStoryboardName = LaunchScreen;
				INFOPLIST_KEY_UISupportedInterfaceOrientations_iPad = "UIInterfaceOrientationPortrait UIInterfaceOrientationPortraitUpsideDown UIInterfaceOrientationLandscapeLeft UIInterfaceOrientationLandscapeRight";
				INFOPLIST_KEY_UISupportedInterfaceOrientations_iPhone = "UIInterfaceOrientationPortrait UIInterfaceOrientationLandscapeLeft UIInterfaceOrientationLandscapeRight";
				IPHONEOS_DEPLOYMENT_TARGET = 13.0;
				LD_RUNPATH_SEARCH_PATHS = (
					"$(inherited)",
					"@executable_path/Frameworks",
				);
				MARKETING_VERSION = 1.0;
				PRODUCT_BUNDLE_IDENTIFIER = OliveiraTech.NewsPaperTask;
				PRODUCT_NAME = "$(TARGET_NAME)";
				SUPPORTED_PLATFORMS = "iphoneos iphonesimulator";
				SUPPORTS_MACCATALYST = NO;
				SUPPORTS_MAC_DESIGNED_FOR_IPHONE_IPAD = NO;
				SUPPORTS_XR_DESIGNED_FOR_IPHONE_IPAD = NO;
				SWIFT_EMIT_LOC_STRINGS = YES;
				SWIFT_VERSION = 5.0;
				TARGETED_DEVICE_FAMILY = "1,2";
			};
			name = Release;
		};
/* End XCBuildConfiguration section */

/* Begin XCConfigurationList section */
		3539EC812C5B056E00C71242 /* Build configuration list for PBXProject "NewsPaperTask" */ = {
			isa = XCConfigurationList;
			buildConfigurations = (
				3539EC9B2C5B057100C71242 /* Debug */,
				3539EC9C2C5B057100C71242 /* Release */,
			);
			defaultConfigurationIsVisible = 0;
			defaultConfigurationName = Release;
		};
		3539EC9D2C5B057100C71242 /* Build configuration list for PBXNativeTarget "NewsPaperTask" */ = {
			isa = XCConfigurationList;
			buildConfigurations = (
				3539EC9E2C5B057100C71242 /* Debug */,
				3539EC9F2C5B057100C71242 /* Release */,
			);
			defaultConfigurationIsVisible = 0;
			defaultConfigurationName = Release;
		};
/* End XCConfigurationList section */

/* Begin XCVersionGroup section */
		3539ECBD2C5B085F00C71242 /* NewsPaperTask.xcdatamodeld */ = {
			isa = XCVersionGroup;
			children = (
				3539ECBE2C5B085F00C71242 /* NewsPaperTask.xcdatamodel */,
			);
			currentVersion = 3539ECBE2C5B085F00C71242 /* NewsPaperTask.xcdatamodel */;
			path = NewsPaperTask.xcdatamodeld;
			sourceTree = "<group>";
			versionGroupType = wrapper.xcdatamodel;
		};
/* End XCVersionGroup section */
	};
	rootObject = 3539EC7E2C5B056E00C71242 /* Project object */;
}
